
Microsoft Visual Studio Solution File, Format Version 12.00
# Visual Studio Version 17
VisualStudioVersion = 17.5.33516.290
MinimumVisualStudioVersion = 10.0.40219.1
Project("{FAE04EC0-301F-11D3-BF4B-00C04F79EFBC}") = "WindowsFormsApp1", "WindowsFormsApp1\WindowsFormsApp1.csproj", "{F29FA867-38C4-4765-90E3-82969A679A16}"
EndProject
Global
	GlobalSection(SolutionConfigurationPlatforms) = preSolution
		Debug|Any CPU = Debug|Any CPU
		Release|Any CPU = Release|Any CPU
	EndGlobalSection
	GlobalSection(ProjectConfigurationPlatforms) = postSolution
		{F29FA867-38C4-4765-90E3-82969A679A16}.Debug|Any CPU.ActiveCfg = Debug|Any CPU
		{F29FA867-38C4-4765-90E3-82969A679A16}.Debug|Any CPU.Build.0 = Debug|Any CPU
		{F29FA867-38C4-4765-90E3-82969A679A16}.Release|Any CPU.ActiveCfg = Release|Any CPU
		{F29FA867-38C4-4765-90E3-82969A679A16}.Release|Any CPU.Build.0 = Release|Any CPU
	EndGlobalSection
	GlobalSection(SolutionProperties) = preSolution
		HideSolutionNode = FALSE
	EndGlobalSection
	GlobalSection(ExtensibilityGlobals) = postSolution
		SolutionGuid = {EA0B915A-AED9-4139-A019-D7DA2C872025}
	EndGlobalSection
EndGlobal
